
Microsoft Visual Studio Solution File, Format Version 12.00
# Visual Studio Version 17
VisualStudioVersion = 17.7.34031.279
MinimumVisualStudioVersion = 10.0.40219.1
Project("{FAE04EC0-301F-11D3-BF4B-00C04F79EFBC}") = "EFAPI", "EFAPI.csproj", "{29DD587D-0704-4C82-847A-930E39E88A09}"
EndProject
Global
	GlobalSection(SolutionConfigurationPlatforms) = preSolution
		Debug|Any CPU = Debug|Any CPU
		Release|Any CPU = Release|Any CPU
	EndGlobalSection
	GlobalSection(ProjectConfigurationPlatforms) = postSolution
		{29DD587D-0704-4C82-847A-930E39E88A09}.Debug|Any CPU.ActiveCfg = Debug|Any CPU
		{29DD587D-0704-4C82-847A-930E39E88A09}.Debug|Any CPU.Build.0 = Debug|Any CPU
		{29DD587D-0704-4C82-847A-930E39E88A09}.Release|Any CPU.ActiveCfg = Release|Any CPU
		{29DD587D-0704-4C82-847A-930E39E88A09}.Release|Any CPU.Build.0 = Release|Any CPU
	EndGlobalSection
	GlobalSection(SolutionProperties) = preSolution
		HideSolutionNode = FALSE
	EndGlobalSection
	GlobalSection(ExtensibilityGlobals) = postSolution
		SolutionGuid = {212E7525-0885-4DED-9A3D-294C035DF001}
	EndGlobalSection
EndGlobal
